// !$*UTF8*$!
{
	archiveVersion = 1;
	classes = {
	};
	objectVersion = 55;
	objects = {

/* Begin PBXBuildFile section */
		D059016E28349B4D00F6AE35 /* JJTimePicker.swift in Sources */ = {isa = PBXBuildFile; fileRef = D059016D28349B4D00F6AE35 /* JJTimePicker.swift */; };
		D0F9E36E282B5EA50092CFAB /* AppDelegate.swift in Sources */ = {isa = PBXBuildFile; fileRef = D0F9E36D282B5EA50092CFAB /* AppDelegate.swift */; };
		D0F9E370282B5EA50092CFAB /* SceneDelegate.swift in Sources */ = {isa = PBXBuildFile; fileRef = D0F9E36F282B5EA50092CFAB /* SceneDelegate.swift */; };
		D0F9E372282B5EA50092CFAB /* ViewController.swift in Sources */ = {isa = PBXBuildFile; fileRef = D0F9E371282B5EA50092CFAB /* ViewController.swift */; };
		D0F9E375282B5EA50092CFAB /* Main.storyboard in Resources */ = {isa = PBXBuildFile; fileRef = D0F9E373282B5EA50092CFAB /* Main.storyboard */; };
		D0F9E377282B5EA80092CFAB /* Assets.xcassets in Resources */ = {isa = PBXBuildFile; fileRef = D0F9E376282B5EA80092CFAB /* Assets.xcassets */; };
		D0F9E37A282B5EA80092CFAB /* LaunchScreen.storyboard in Resources */ = {isa = PBXBuildFile; fileRef = D0F9E378282B5EA80092CFAB /* LaunchScreen.storyboard */; };
		D0F9E385282B5EA80092CFAB /* UIDemoTests.swift in Sources */ = {isa = PBXBuildFile; fileRef = D0F9E384282B5EA80092CFAB /* UIDemoTests.swift */; };
		D0F9E38F282B5EA80092CFAB /* UIDemoUITests.swift in Sources */ = {isa = PBXBuildFile; fileRef = D0F9E38E282B5EA80092CFAB /* UIDemoUITests.swift */; };
		D0F9E391282B5EA80092CFAB /* UIDemoUITestsLaunchTests.swift in Sources */ = {isa = PBXBuildFile; fileRef = D0F9E390282B5EA80092CFAB /* UIDemoUITestsLaunchTests.swift */; };
		EB5D4ABBC688AB1A20F03BDA /* libPods-UIDemo.a in Frameworks */ = {isa = PBXBuildFile; fileRef = BC82D215DB4C6FB558E45E20 /* libPods-UIDemo.a */; };
/* End PBXBuildFile section */

/* Begin PBXContainerItemProxy section */
		D0F9E381282B5EA80092CFAB /* PBXContainerItemProxy */ = {
			isa = PBXContainerItemProxy;
			containerPortal = D0F9E362282B5EA50092CFAB /* Project object */;
			proxyType = 1;
			remoteGlobalIDString = D0F9E369282B5EA50092CFAB;
			remoteInfo = UIDemo;
		};
		D0F9E38B282B5EA80092CFAB /* PBXContainerItemProxy */ = {
			isa = PBXContainerItemProxy;
			containerPortal = D0F9E362282B5EA50092CFAB /* Project object */;
			proxyType = 1;
			remoteGlobalIDString = D0F9E369282B5EA50092CFAB;
			remoteInfo = UIDemo;
		};
/* End PBXContainerItemProxy section */

/* Begin PBXFileReference section */
		10E928F6BB8B68A52388CFF9 /* Pods-UIDemo.release.xcconfig */ = {isa = PBXFileReference; includeInIndex = 1; lastKnownFileType = text.xcconfig; name = "Pods-UIDemo.release.xcconfig"; path = "Target Support Files/Pods-UIDemo/Pods-UIDemo.release.xcconfig"; sourceTree = "<group>"; };
		BC82D215DB4C6FB558E45E20 /* libPods-UIDemo.a */ = {isa = PBXFileReference; explicitFileType = archive.ar; includeInIndex = 0; path = "libPods-UIDemo.a"; sourceTree = BUILT_PRODUCTS_DIR; };
		D059016D28349B4D00F6AE35 /* JJTimePicker.swift */ = {isa = PBXFileReference; lastKnownFileType = sourcecode.swift; path = JJTimePicker.swift; sourceTree = "<group>"; };
		D0F9E36A282B5EA50092CFAB /* UIDemo.app */ = {isa = PBXFileReference; explicitFileType = wrapper.application; includeInIndex = 0; path = UIDemo.app; sourceTree = BUILT_PRODUCTS_DIR; };
		D0F9E36D282B5EA50092CFAB /* AppDelegate.swift */ = {isa = PBXFileReference; lastKnownFileType = sourcecode.swift; path = AppDelegate.swift; sourceTree = "<group>"; };
		D0F9E36F282B5EA50092CFAB /* SceneDelegate.swift */ = {isa = PBXFileReference; lastKnownFileType = sourcecode.swift; path = SceneDelegate.swift; sourceTree = "<group>"; };
		D0F9E371282B5EA50092CFAB /* ViewController.swift */ = {isa = PBXFileReference; lastKnownFileType = sourcecode.swift; path = ViewController.swift; sourceTree = "<group>"; };
		D0F9E374282B5EA50092CFAB /* Base */ = {isa = PBXFileReference; lastKnownFileType = file.storyboard; name = Base; path = Base.lproj/Main.storyboard; sourceTree = "<group>"; };
		D0F9E376282B5EA80092CFAB /* Assets.xcassets */ = {isa = PBXFileReference; lastKnownFileType = folder.assetcatalog; path = Assets.xcassets; sourceTree = "<group>"; };
		D0F9E379282B5EA80092CFAB /* Base */ = {isa = PBXFileReference; lastKnownFileType = file.storyboard; name = Base; path = Base.lproj/LaunchScreen.storyboard; sourceTree = "<group>"; };
		D0F9E37B282B5EA80092CFAB /* Info.plist */ = {isa = PBXFileReference; lastKnownFileType = text.plist.xml; path = Info.plist; sourceTree = "<group>"; };
		D0F9E380282B5EA80092CFAB /* UIDemoTests.xctest */ = {isa = PBXFileReference; explicitFileType = wrapper.cfbundle; includeInIndex = 0; path = UIDemoTests.xctest; sourceTree = BUILT_PRODUCTS_DIR; };
		D0F9E384282B5EA80092CFAB /* UIDemoTests.swift */ = {isa = PBXFileReference; lastKnownFileType = sourcecode.swift; path = UIDemoTests.swift; sourceTree = "<group>"; };
		D0F9E38A282B5EA80092CFAB /* UIDemoUITests.xctest */ = {isa = PBXFileReference; explicitFileType = wrapper.cfbundle; includeInIndex = 0; path = UIDemoUITests.xctest; sourceTree = BUILT_PRODUCTS_DIR; };
		D0F9E38E282B5EA80092CFAB /* UIDemoUITests.swift */ = {isa = PBXFileReference; lastKnownFileType = sourcecode.swift; path = UIDemoUITests.swift; sourceTree = "<group>"; };
		D0F9E390282B5EA80092CFAB /* UIDemoUITestsLaunchTests.swift */ = {isa = PBXFileReference; lastKnownFileType = sourcecode.swift; path = UIDemoUITestsLaunchTests.swift; sourceTree = "<group>"; };
		E84B6AB06D5D812FA15F4A3B /* Pods-UIDemo.debug.xcconfig */ = {isa = PBXFileReference; includeInIndex = 1; lastKnownFileType = text.xcconfig; name = "Pods-UIDemo.debug.xcconfig"; path = "Target Support Files/Pods-UIDemo/Pods-UIDemo.debug.xcconfig"; sourceTree = "<group>"; };
/* End PBXFileReference section */

/* Begin PBXFrameworksBuildPhase section */
		D0F9E367282B5EA50092CFAB /* Frameworks */ = {
			isa = PBXFrameworksBuildPhase;
			buildActionMask = 2147483647;
			files = (
				EB5D4ABBC688AB1A20F03BDA /* libPods-UIDemo.a in Frameworks */,
			);
			runOnlyForDeploymentPostprocessing = 0;
		};
		D0F9E37D282B5EA80092CFAB /* Frameworks */ = {
			isa = PBXFrameworksBuildPhase;
			buildActionMask = 2147483647;
			files = (
			);
			runOnlyForDeploymentPostprocessing = 0;
		};
		D0F9E387282B5EA80092CFAB /* Frameworks */ = {
			isa = PBXFrameworksBuildPhase;
			buildActionMask = 2147483647;
			files = (
			);
			runOnlyForDeploymentPostprocessing = 0;
		};
/* End PBXFrameworksBuildPhase section */

/* Begin PBXGroup section */
		639C8EF30F9AB7D7D35D50F2 /* Frameworks */ = {
			isa = PBXGroup;
			children = (
				BC82D215DB4C6FB558E45E20 /* libPods-UIDemo.a */,
			);
			name = Frameworks;
			sourceTree = "<group>";
		};
		7DEE1492B5A6805AFE895681 /* Pods */ = {
			isa = PBXGroup;
			children = (
				E84B6AB06D5D812FA15F4A3B /* Pods-UIDemo.debug.xcconfig */,
				10E928F6BB8B68A52388CFF9 /* Pods-UIDemo.release.xcconfig */,
			);
			name = Pods;
			path = Pods;
			sourceTree = "<group>";
		};
		D059016C28349B3200F6AE35 /* MyPicker */ = {
			isa = PBXGroup;
			children = (
				D059016D28349B4D00F6AE35 /* JJTimePicker.swift */,
			);
			path = MyPicker;
			sourceTree = "<group>";
		};
		D0F9E361282B5EA50092CFAB = {
			isa = PBXGroup;
			children = (
				D0F9E36C282B5EA50092CFAB /* UIDemo */,
				D0F9E383282B5EA80092CFAB /* UIDemoTests */,
				D0F9E38D282B5EA80092CFAB /* UIDemoUITests */,
				D0F9E36B282B5EA50092CFAB /* Products */,
				7DEE1492B5A6805AFE895681 /* Pods */,
				639C8EF30F9AB7D7D35D50F2 /* Frameworks */,
			);
			sourceTree = "<group>";
		};
		D0F9E36B282B5EA50092CFAB /* Products */ = {
			isa = PBXGroup;
			children = (
				D0F9E36A282B5EA50092CFAB /* UIDemo.app */,
				D0F9E380282B5EA80092CFAB /* UIDemoTests.xctest */,
				D0F9E38A282B5EA80092CFAB /* UIDemoUITests.xctest */,
			);
			name = Products;
			sourceTree = "<group>";
		};
		D0F9E36C282B5EA50092CFAB /* UIDemo */ = {
			isa = PBXGroup;
			children = (
				D059016C28349B3200F6AE35 /* MyPicker */,
				D0F9E36D282B5EA50092CFAB /* AppDelegate.swift */,
				D0F9E36F282B5EA50092CFAB /* SceneDelegate.swift */,
				D0F9E371282B5EA50092CFAB /* ViewController.swift */,
				D0F9E373282B5EA50092CFAB /* Main.storyboard */,
				D0F9E376282B5EA80092CFAB /* Assets.xcassets */,
				D0F9E378282B5EA80092CFAB /* LaunchScreen.storyboard */,
				D0F9E37B282B5EA80092CFAB /* Info.plist */,
			);
			path = UIDemo;
			sourceTree = "<group>";
		};
		D0F9E383282B5EA80092CFAB /* UIDemoTests */ = {
			isa = PBXGroup;
			children = (
				D0F9E384282B5EA80092CFAB /* UIDemoTests.swift */,
			);
			path = UIDemoTests;
			sourceTree = "<group>";
		};
		D0F9E38D282B5EA80092CFAB /* UIDemoUITests */ = {
			isa = PBXGroup;
			children = (
				D0F9E38E282B5EA80092CFAB /* UIDemoUITests.swift */,
				D0F9E390282B5EA80092CFAB /* UIDemoUITestsLaunchTests.swift */,
			);
			path = UIDemoUITests;
			sourceTree = "<group>";
		};
/* End PBXGroup section */

/* Begin PBXNativeTarget section */
		D0F9E369282B5EA50092CFAB /* UIDemo */ = {
			isa = PBXNativeTarget;
			buildConfigurationList = D0F9E394282B5EA80092CFAB /* Build configuration list for PBXNativeTarget "UIDemo" */;
			buildPhases = (
				7B9DBD4B79754E5681B4DD39 /* [CP] Check Pods Manifest.lock */,
				D0F9E366282B5EA50092CFAB /* Sources */,
				D0F9E367282B5EA50092CFAB /* Frameworks */,
				D0F9E368282B5EA50092CFAB /* Resources */,
			);
			buildRules = (
			);
			dependencies = (
			);
			name = UIDemo;
			productName = UIDemo;
			productReference = D0F9E36A282B5EA50092CFAB /* UIDemo.app */;
			productType = "com.apple.product-type.application";
		};
		D0F9E37F282B5EA80092CFAB /* UIDemoTests */ = {
			isa = PBXNativeTarget;
			buildConfigurationList = D0F9E397282B5EA80092CFAB /* Build configuration list for PBXNativeTarget "UIDemoTests" */;
			buildPhases = (
				D0F9E37C282B5EA80092CFAB /* Sources */,
				D0F9E37D282B5EA80092CFAB /* Frameworks */,
				D0F9E37E282B5EA80092CFAB /* Resources */,
			);
			buildRules = (
			);
			dependencies = (
				D0F9E382282B5EA80092CFAB /* PBXTargetDependency */,
			);
			name = UIDemoTests;
			productName = UIDemoTests;
			productReference = D0F9E380282B5EA80092CFAB /* UIDemoTests.xctest */;
			productType = "com.apple.product-type.bundle.unit-test";
		};
		D0F9E389282B5EA80092CFAB /* UIDemoUITests */ = {
			isa = PBXNativeTarget;
			buildConfigurationList = D0F9E39A282B5EA80092CFAB /* Build configuration list for PBXNativeTarget "UIDemoUITests" */;
			buildPhases = (
				D0F9E386282B5EA80092CFAB /* Sources */,
				D0F9E387282B5EA80092CFAB /* Frameworks */,
				D0F9E388282B5EA80092CFAB /* Resources */,
			);
			buildRules = (
			);
			dependencies = (
				D0F9E38C282B5EA80092CFAB /* PBXTargetDependency */,
			);
			name = UIDemoUITests;
			productName = UIDemoUITests;
			productReference = D0F9E38A282B5EA80092CFAB /* UIDemoUITests.xctest */;
			productType = "com.apple.product-type.bundle.ui-testing";
		};
/* End PBXNativeTarget section */

/* Begin PBXProject section */
		D0F9E362282B5EA50092CFAB /* Project object */ = {
			isa = PBXProject;
			attributes = {
				BuildIndependentTargetsInParallel = 1;
				LastSwiftUpdateCheck = 1330;
				LastUpgradeCheck = 1330;
				TargetAttributes = {
					D0F9E369282B5EA50092CFAB = {
						CreatedOnToolsVersion = 13.3.1;
					};
					D0F9E37F282B5EA80092CFAB = {
						CreatedOnToolsVersion = 13.3.1;
						TestTargetID = D0F9E369282B5EA50092CFAB;
					};
					D0F9E389282B5EA80092CFAB = {
						CreatedOnToolsVersion = 13.3.1;
						TestTargetID = D0F9E369282B5EA50092CFAB;
					};
				};
			};
			buildConfigurationList = D0F9E365282B5EA50092CFAB /* Build configuration list for PBXProject "UIDemo" */;
			compatibilityVersion = "Xcode 13.0";
			developmentRegion = en;
			hasScannedForEncodings = 0;
			knownRegions = (
				en,
				Base,
			);
			mainGroup = D0F9E361282B5EA50092CFAB;
			productRefGroup = D0F9E36B282B5EA50092CFAB /* Products */;
			projectDirPath = "";
			projectRoot = "";
			targets = (
				D0F9E369282B5EA50092CFAB /* UIDemo */,
				D0F9E37F282B5EA80092CFAB /* UIDemoTests */,
				D0F9E389282B5EA80092CFAB /* UIDemoUITests */,
			);
		};
/* End PBXProject section */

/* Begin PBXResourcesBuildPhase section */
		D0F9E368282B5EA50092CFAB /* Resources */ = {
			isa = PBXResourcesBuildPhase;
			buildActionMask = 2147483647;
			files = (
				D0F9E37A282B5EA80092CFAB /* LaunchScreen.storyboard in Resources */,
				D0F9E377282B5EA80092CFAB /* Assets.xcassets in Resources */,
				D0F9E375282B5EA50092CFAB /* Main.storyboard in Resources */,
			);
			runOnlyForDeploymentPostprocessing = 0;
		};
		D0F9E37E282B5EA80092CFAB /* Resources */ = {
			isa = PBXResourcesBuildPhase;
			buildActionMask = 2147483647;
			files = (
			);
			runOnlyForDeploymentPostprocessing = 0;
		};
		D0F9E388282B5EA80092CFAB /* Resources */ = {
			isa = PBXResourcesBuildPhase;
			buildActionMask = 2147483647;
			files = (
			);
			runOnlyForDeploymentPostprocessing = 0;
		};
/* End PBXResourcesBuildPhase section */

/* Begin PBXShellScriptBuildPhase section */
		7B9DBD4B79754E5681B4DD39 /* [CP] Check Pods Manifest.lock */ = {
			isa = PBXShellScriptBuildPhase;
			buildActionMask = 2147483647;
			files = (
			);
			inputFileListPaths = (
			);
			inputPaths = (
				"${PODS_PODFILE_DIR_PATH}/Podfile.lock",
				"${PODS_ROOT}/Manifest.lock",
			);
			name = "[CP] Check Pods Manifest.lock";
			outputFileListPaths = (
			);
			outputPaths = (
				"$(DERIVED_FILE_DIR)/Pods-UIDemo-checkManifestLockResult.txt",
			);
			runOnlyForDeploymentPostprocessing = 0;
			shellPath = /bin/sh;
			shellScript = "diff \"${PODS_PODFILE_DIR_PATH}/Podfile.lock\" \"${PODS_ROOT}/Manifest.lock\" > /dev/null\nif [ $? != 0 ] ; then\n    # print error to STDERR\n    echo \"error: The sandbox is not in sync with the Podfile.lock. Run 'pod install' or update your CocoaPods installation.\" >&2\n    exit 1\nfi\n# This output is used by Xcode 'outputs' to avoid re-running this script phase.\necho \"SUCCESS\" > \"${SCRIPT_OUTPUT_FILE_0}\"\n";
			showEnvVarsInLog = 0;
		};
/* End PBXShellScriptBuildPhase section */

/* Begin PBXSourcesBuildPhase section */
		D0F9E366282B5EA50092CFAB /* Sources */ = {
			isa = PBXSourcesBuildPhase;
			buildActionMask = 2147483647;
			files = (
				D0F9E372282B5EA50092CFAB /* ViewController.swift in Sources */,
				D0F9E36E282B5EA50092CFAB /* AppDelegate.swift in Sources */,
				D059016E28349B4D00F6AE35 /* JJTimePicker.swift in Sources */,
				D0F9E370282B5EA50092CFAB /* SceneDelegate.swift in Sources */,
			);
			runOnlyForDeploymentPostprocessing = 0;
		};
		D0F9E37C282B5EA80092CFAB /* Sources */ = {
			isa = PBXSourcesBuildPhase;
			buildActionMask = 2147483647;
			files = (
				D0F9E385282B5EA80092CFAB /* UIDemoTests.swift in Sources */,
			);
			runOnlyForDeploymentPostprocessing = 0;
		};
		D0F9E386282B5EA80092CFAB /* Sources */ = {
			isa = PBXSourcesBuildPhase;
			buildActionMask = 2147483647;
			files = (
				D0F9E38F282B5EA80092CFAB /* UIDemoUITests.swift in Sources */,
				D0F9E391282B5EA80092CFAB /* UIDemoUITestsLaunchTests.swift in Sources */,
			);
			runOnlyForDeploymentPostprocessing = 0;
		};
/* End PBXSourcesBuildPhase section */

/* Begin PBXTargetDependency section */
		D0F9E382282B5EA80092CFAB /* PBXTargetDependency */ = {
			isa = PBXTargetDependency;
			target = D0F9E369282B5EA50092CFAB /* UIDemo */;
			targetProxy = D0F9E381282B5EA80092CFAB /* PBXContainerItemProxy */;
		};
		D0F9E38C282B5EA80092CFAB /* PBXTargetDependency */ = {
			isa = PBXTargetDependency;
			target = D0F9E369282B5EA50092CFAB /* UIDemo */;
			targetProxy = D0F9E38B282B5EA80092CFAB /* PBXContainerItemProxy */;
		};
/* End PBXTargetDependency section */

/* Begin PBXVariantGroup section */
		D0F9E373282B5EA50092CFAB /* Main.storyboard */ = {
			isa = PBXVariantGroup;
			children = (
				D0F9E374282B5EA50092CFAB /* Base */,
			);
			name = Main.storyboard;
			sourceTree = "<group>";
		};
		D0F9E378282B5EA80092CFAB /* LaunchScreen.storyboard */ = {
			isa = PBXVariantGroup;
			children = (
				D0F9E379282B5EA80092CFAB /* Base */,
			);
			name = LaunchScreen.storyboard;
			sourceTree = "<group>";
		};
/* End PBXVariantGroup section */

/* Begin XCBuildConfiguration section */
		D0F9E392282B5EA80092CFAB /* Debug */ = {
			isa = XCBuildConfiguration;
			buildSettings = {
				ALWAYS_SEARCH_USER_PATHS = NO;
				CLANG_ANALYZER_NONNULL = YES;
				CLANG_ANALYZER_NUMBER_OBJECT_CONVERSION = YES_AGGRESSIVE;
				CLANG_CXX_LANGUAGE_STANDARD = "gnu++17";
				CLANG_ENABLE_MODULES = YES;
				CLANG_ENABLE_OBJC_ARC = YES;
				CLANG_ENABLE_OBJC_WEAK = YES;
				CLANG_WARN_BLOCK_CAPTURE_AUTORELEASING = YES;
				CLANG_WARN_BOOL_CONVERSION = YES;
				CLANG_WARN_COMMA = YES;
				CLANG_WARN_CONSTANT_CONVERSION = YES;
				CLANG_WARN_DEPRECATED_OBJC_IMPLEMENTATIONS = YES;
				CLANG_WARN_DIRECT_OBJC_ISA_USAGE = YES_ERROR;
				CLANG_WARN_DOCUMENTATION_COMMENTS = YES;
				CLANG_WARN_EMPTY_BODY = YES;
				CLANG_WARN_ENUM_CONVERSION = YES;
				CLANG_WARN_INFINITE_RECURSION = YES;
				CLANG_WARN_INT_CONVERSION = YES;
				CLANG_WARN_NON_LITERAL_NULL_CONVERSION = YES;
				CLANG_WARN_OBJC_IMPLICIT_RETAIN_SELF = YES;
				CLANG_WARN_OBJC_LITERAL_CONVERSION = YES;
				CLANG_WARN_OBJC_ROOT_CLASS = YES_ERROR;
				CLANG_WARN_QUOTED_INCLUDE_IN_FRAMEWORK_HEADER = YES;
				CLANG_WARN_RANGE_LOOP_ANALYSIS = YES;
				CLANG_WARN_STRICT_PROTOTYPES = YES;
				CLANG_WARN_SUSPICIOUS_MOVE = YES;
				CLANG_WARN_UNGUARDED_AVAILABILITY = YES_AGGRESSIVE;
				CLANG_WARN_UNREACHABLE_CODE = YES;
				CLANG_WARN__DUPLICATE_METHOD_MATCH = YES;
				COPY_PHASE_STRIP = NO;
				DEBUG_INFORMATION_FORMAT = dwarf;
				ENABLE_STRICT_OBJC_MSGSEND = YES;
				ENABLE_TESTABILITY = YES;
				GCC_C_LANGUAGE_STANDARD = gnu11;
				GCC_DYNAMIC_NO_PIC = NO;
				GCC_NO_COMMON_BLOCKS = YES;
				GCC_OPTIMIZATION_LEVEL = 0;
				GCC_PREPROCESSOR_DEFINITIONS = (
					"DEBUG=1",
					"$(inherited)",
				);
				GCC_WARN_64_TO_32_BIT_CONVERSION = YES;
				GCC_WARN_ABOUT_RETURN_TYPE = YES_ERROR;
				GCC_WARN_UNDECLARED_SELECTOR = YES;
				GCC_WARN_UNINITIALIZED_AUTOS = YES_AGGRESSIVE;
				GCC_WARN_UNUSED_FUNCTION = YES;
				GCC_WARN_UNUSED_VARIABLE = YES;
				IPHONEOS_DEPLOYMENT_TARGET = 15.4;
				MTL_ENABLE_DEBUG_INFO = INCLUDE_SOURCE;
				MTL_FAST_MATH = YES;
				ONLY_ACTIVE_ARCH = YES;
				SDKROOT = iphoneos;
				SWIFT_ACTIVE_COMPILATION_CONDITIONS = DEBUG;
				SWIFT_OPTIMIZATION_LEVEL = "-Onone";
			};
			name = Debug;
		};
		D0F9E393282B5EA80092CFAB /* Release */ = {
			isa = XCBuildConfiguration;
			buildSettings = {
				ALWAYS_SEARCH_USER_PATHS = NO;
				CLANG_ANALYZER_NONNULL = YES;
				CLANG_ANALYZER_NUMBER_OBJECT_CONVERSION = YES_AGGRESSIVE;
				CLANG_CXX_LANGUAGE_STANDARD = "gnu++17";
				CLANG_ENABLE_MODULES = YES;
				CLANG_ENABLE_OBJC_ARC = YES;
				CLANG_ENABLE_OBJC_WEAK = YES;
				CLANG_WARN_BLOCK_CAPTURE_AUTORELEASING = YES;
				CLANG_WARN_BOOL_CONVERSION = YES;
				CLANG_WARN_COMMA = YES;
				CLANG_WARN_CONSTANT_CONVERSION = YES;
				CLANG_WARN_DEPRECATED_OBJC_IMPLEMENTATIONS = YES;
				CLANG_WARN_DIRECT_OBJC_ISA_USAGE = YES_ERROR;
				CLANG_WARN_DOCUMENTATION_COMMENTS = YES;
				CLANG_WARN_EMPTY_BODY = YES;
				CLANG_WARN_ENUM_CONVERSION = YES;
				CLANG_WARN_INFINITE_RECURSION = YES;
				CLANG_WARN_INT_CONVERSION = YES;
				CLANG_WARN_NON_LITERAL_NULL_CONVERSION = YES;
				CLANG_WARN_OBJC_IMPLICIT_RETAIN_SELF = YES;
				CLANG_WARN_OBJC_LITERAL_CONVERSION = YES;
				CLANG_WARN_OBJC_ROOT_CLASS = YES_ERROR;
				CLANG_WARN_QUOTED_INCLUDE_IN_FRAMEWORK_HEADER = YES;
				CLANG_WARN_RANGE_LOOP_ANALYSIS = YES;
				CLANG_WARN_STRICT_PROTOTYPES = YES;
				CLANG_WARN_SUSPICIOUS_MOVE = YES;
				CLANG_WARN_UNGUARDED_AVAILABILITY = YES_AGGRESSIVE;
				CLANG_WARN_UNREACHABLE_CODE = YES;
				CLANG_WARN__DUPLICATE_METHOD_MATCH = YES;
				COPY_PHASE_STRIP = NO;
				DEBUG_INFORMATION_FORMAT = "dwarf-with-dsym";
				ENABLE_NS_ASSERTIONS = NO;
				ENABLE_STRICT_OBJC_MSGSEND = YES;
				GCC_C_LANGUAGE_STANDARD = gnu11;
				GCC_NO_COMMON_BLOCKS = YES;
				GCC_WARN_64_TO_32_BIT_CONVERSION = YES;
				GCC_WARN_ABOUT_RETURN_TYPE = YES_ERROR;
				GCC_WARN_UNDECLARED_SELECTOR = YES;
				GCC_WARN_UNINITIALIZED_AUTOS = YES_AGGRESSIVE;
				GCC_WARN_UNUSED_FUNCTION = YES;
				GCC_WARN_UNUSED_VARIABLE = YES;
				IPHONEOS_DEPLOYMENT_TARGET = 15.4;
				MTL_ENABLE_DEBUG_INFO = NO;
				MTL_FAST_MATH = YES;
				SDKROOT = iphoneos;
				SWIFT_COMPILATION_MODE = wholemodule;
				SWIFT_OPTIMIZATION_LEVEL = "-O";
				VALIDATE_PRODUCT = YES;
			};
			name = Release;
		};
		D0F9E395282B5EA80092CFAB /* Debug */ = {
			isa = XCBuildConfiguration;
			baseConfigurationReference = E84B6AB06D5D812FA15F4A3B /* Pods-UIDemo.debug.xcconfig */;
			buildSettings = {
				ASSETCATALOG_COMPILER_APPICON_NAME = AppIcon;
				ASSETCATALOG_COMPILER_GLOBAL_ACCENT_COLOR_NAME = AccentColor;
				CODE_SIGN_STYLE = Automatic;
				CURRENT_PROJECT_VERSION = 1;
				GENERATE_INFOPLIST_FILE = YES;
				INFOPLIST_FILE = UIDemo/Info.plist;
				INFOPLIST_KEY_UIApplicationSupportsIndirectInputEvents = YES;
				INFOPLIST_KEY_UILaunchStoryboardName = LaunchScreen;
				INFOPLIST_KEY_UIMainStoryboardFile = Main;
				INFOPLIST_KEY_UISupportedInterfaceOrientations_iPad = "UIInterfaceOrientationPortrait UIInterfaceOrientationPortraitUpsideDown UIInterfaceOrientationLandscapeLeft UIInterfaceOrientationLandscapeRight";
				INFOPLIST_KEY_UISupportedInterfaceOrientations_iPhone = "UIInterfaceOrientationPortrait UIInterfaceOrientationLandscapeLeft UIInterfaceOrientationLandscapeRight";
				LD_RUNPATH_SEARCH_PATHS = (
					"$(inherited)",
					"@executable_path/Frameworks",
				);
				MARKETING_VERSION = 1.0;
				PRODUCT_BUNDLE_IDENTIFIER = com.jake.UIDemo;
				PRODUCT_NAME = "$(TARGET_NAME)";
				SWIFT_EMIT_LOC_STRINGS = YES;
				SWIFT_VERSION = 5.0;
				TARGETED_DEVICE_FAMILY = "1,2";
			};
			name = Debug;
		};
		D0F9E396282B5EA80092CFAB /* Release */ = {
			isa = XCBuildConfiguration;
			baseConfigurationReference = 10E928F6BB8B68A52388CFF9 /* Pods-UIDemo.release.xcconfig */;
			buildSettings = {
				ASSETCATALOG_COMPILER_APPICON_NAME = AppIcon;
				ASSETCATALOG_COMPILER_GLOBAL_ACCENT_COLOR_NAME = AccentColor;
				CODE_SIGN_STYLE = Automatic;
				CURRENT_PROJECT_VERSION = 1;
				GENERATE_INFOPLIST_FILE = YES;
				INFOPLIST_FILE = UIDemo/Info.plist;
				INFOPLIST_KEY_UIApplicationSupportsIndirectInputEvents = YES;
				INFOPLIST_KEY_UILaunchStoryboardName = LaunchScreen;
				INFOPLIST_KEY_UIMainStoryboardFile = Main;
				INFOPLIST_KEY_UISupportedInterfaceOrientations_iPad = "UIInterfaceOrientationPortrait UIInterfaceOrientationPortraitUpsideDown UIInterfaceOrientationLandscapeLeft UIInterfaceOrientationLandscapeRight";
				INFOPLIST_KEY_UISupportedInterfaceOrientations_iPhone = "UIInterfaceOrientationPortrait UIInterfaceOrientationLandscapeLeft UIInterfaceOrientationLandscapeRight";
				LD_RUNPATH_SEARCH_PATHS = (
					"$(inherited)",
					"@executable_path/Frameworks",
				);
				MARKETING_VERSION = 1.0;
				PRODUCT_BUNDLE_IDENTIFIER = com.jake.UIDemo;
				PRODUCT_NAME = "$(TARGET_NAME)";
				SWIFT_EMIT_LOC_STRINGS = YES;
				SWIFT_VERSION = 5.0;
				TARGETED_DEVICE_FAMILY = "1,2";
			};
			name = Release;
		};
		D0F9E398282B5EA80092CFAB /* Debug */ = {
			isa = XCBuildConfiguration;
			buildSettings = {
				ALWAYS_EMBED_SWIFT_STANDARD_LIBRARIES = YES;
				BUNDLE_LOADER = "$(TEST_HOST)";
				CODE_SIGN_STYLE = Automatic;
				CURRENT_PROJECT_VERSION = 1;
				GENERATE_INFOPLIST_FILE = YES;
				IPHONEOS_DEPLOYMENT_TARGET = 15.4;
				MARKETING_VERSION = 1.0;
				PRODUCT_BUNDLE_IDENTIFIER = com.jake.UIDemoTests;
				PRODUCT_NAME = "$(TARGET_NAME)";
				SWIFT_EMIT_LOC_STRINGS = NO;
				SWIFT_VERSION = 5.0;
				TARGETED_DEVICE_FAMILY = "1,2";
				TEST_HOST = "$(BUILT_PRODUCTS_DIR)/UIDemo.app/UIDemo";
			};
			name = Debug;
		};
		D0F9E399282B5EA80092CFAB /* Release */ = {
			isa = XCBuildConfiguration;
			buildSettings = {
				ALWAYS_EMBED_SWIFT_STANDARD_LIBRARIES = YES;
				BUNDLE_LOADER = "$(TEST_HOST)";
				CODE_SIGN_STYLE = Automatic;
				CURRENT_PROJECT_VERSION = 1;
				GENERATE_INFOPLIST_FILE = YES;
				IPHONEOS_DEPLOYMENT_TARGET = 15.4;
				MARKETING_VERSION = 1.0;
				PRODUCT_BUNDLE_IDENTIFIER = com.jake.UIDemoTests;
				PRODUCT_NAME = "$(TARGET_NAME)";
				SWIFT_EMIT_LOC_STRINGS = NO;
				SWIFT_VERSION = 5.0;
				TARGETED_DEVICE_FAMILY = "1,2";
				TEST_HOST = "$(BUILT_PRODUCTS_DIR)/UIDemo.app/UIDemo";
			};
			name = Release;
		};
		D0F9E39B282B5EA80092CFAB /* Debug */ = {
			isa = XCBuildConfiguration;
			buildSettings = {
				ALWAYS_EMBED_SWIFT_STANDARD_LIBRARIES = YES;
				CODE_SIGN_STYLE = Automatic;
				CURRENT_PROJECT_VERSION = 1;
				GENERATE_INFOPLIST_FILE = YES;
				MARKETING_VERSION = 1.0;
				PRODUCT_BUNDLE_IDENTIFIER = com.jake.UIDemoUITests;
				PRODUCT_NAME = "$(TARGET_NAME)";
				SWIFT_EMIT_LOC_STRINGS = NO;
				SWIFT_VERSION = 5.0;
				TARGETED_DEVICE_FAMILY = "1,2";
				TEST_TARGET_NAME = UIDemo;
			};
			name = Debug;
		};
		D0F9E39C282B5EA80092CFAB /* Release */ = {
			isa = XCBuildConfiguration;
			buildSettings = {
				ALWAYS_EMBED_SWIFT_STANDARD_LIBRARIES = YES;
				CODE_SIGN_STYLE = Automatic;
				CURRENT_PROJECT_VERSION = 1;
				GENERATE_INFOPLIST_FILE = YES;
				MARKETING_VERSION = 1.0;
				PRODUCT_BUNDLE_IDENTIFIER = com.jake.UIDemoUITests;
				PRODUCT_NAME = "$(TARGET_NAME)";
				SWIFT_EMIT_LOC_STRINGS = NO;
				SWIFT_VERSION = 5.0;
				TARGETED_DEVICE_FAMILY = "1,2";
				TEST_TARGET_NAME = UIDemo;
			};
			name = Release;
		};
/* End XCBuildConfiguration section */

/* Begin XCConfigurationList section */
		D0F9E365282B5EA50092CFAB /* Build configuration list for PBXProject "UIDemo" */ = {
			isa = XCConfigurationList;
			buildConfigurations = (
				D0F9E392282B5EA80092CFAB /* Debug */,
				D0F9E393282B5EA80092CFAB /* Release */,
			);
			defaultConfigurationIsVisible = 0;
			defaultConfigurationName = Release;
		};
		D0F9E394282B5EA80092CFAB /* Build configuration list for PBXNativeTarget "UIDemo" */ = {
			isa = XCConfigurationList;
			buildConfigurations = (
				D0F9E395282B5EA80092CFAB /* Debug */,
				D0F9E396282B5EA80092CFAB /* Release */,
			);
			defaultConfigurationIsVisible = 0;
			defaultConfigurationName = Release;
		};
		D0F9E397282B5EA80092CFAB /* Build configuration list for PBXNativeTarget "UIDemoTests" */ = {
			isa = XCConfigurationList;
			buildConfigurations = (
				D0F9E398282B5EA80092CFAB /* Debug */,
				D0F9E399282B5EA80092CFAB /* Release */,
			);
			defaultConfigurationIsVisible = 0;
			defaultConfigurationName = Release;
		};
		D0F9E39A282B5EA80092CFAB /* Build configuration list for PBXNativeTarget "UIDemoUITests" */ = {
			isa = XCConfigurationList;
			buildConfigurations = (
				D0F9E39B282B5EA80092CFAB /* Debug */,
				D0F9E39C282B5EA80092CFAB /* Release */,
			);
			defaultConfigurationIsVisible = 0;
			defaultConfigurationName = Release;
		};
/* End XCConfigurationList section */
	};
	rootObject = D0F9E362282B5EA50092CFAB /* Project object */;
}
